// !$*UTF8*$!
{
	archiveVersion = 1;
	classes = {
	};
	objectVersion = 46;
	objects = {

/* Begin PBXBuildFile section */
		9E16A5FF1DEED11E00D09DDD /* BaseTableViewController.m in Sources */ = {isa = PBXBuildFile; fileRef = 9E16A5FE1DEED11E00D09DDD /* BaseTableViewController.m */; };
		9E319C2E1DFE707100E2CE45 /* OneModifiedEncyclopediaTableViewCell.m in Sources */ = {isa = PBXBuildFile; fileRef = 9E319C2D1DFE707100E2CE45 /* OneModifiedEncyclopediaTableViewCell.m */; };
		9E319C331DFE74BB00E2CE45 /* HomePageModel.m in Sources */ = {isa = PBXBuildFile; fileRef = 9E319C321DFE74BB00E2CE45 /* HomePageModel.m */; };
		9E4CED271DDEEF2600259FDE /* NetworkHelper.m in Sources */ = {isa = PBXBuildFile; fileRef = 9E4CED261DDEEF2600259FDE /* NetworkHelper.m */; };
		9E4CED2C1DDEF73E00259FDE /* ZXTools.m in Sources */ = {isa = PBXBuildFile; fileRef = 9E4CED2B1DDEF73E00259FDE /* ZXTools.m */; };
		9E4CED2F1DDEF7CA00259FDE /* ZXScrollView.m in Sources */ = {isa = PBXBuildFile; fileRef = 9E4CED2E1DDEF7CA00259FDE /* ZXScrollView.m */; };
		9E4CED321DDEF7EA00259FDE /* ZXTableView.m in Sources */ = {isa = PBXBuildFile; fileRef = 9E4CED311DDEF7EA00259FDE /* ZXTableView.m */; };
		9E4CED351DDEF82300259FDE /* ZXSegmentedControl.m in Sources */ = {isa = PBXBuildFile; fileRef = 9E4CED341DDEF82300259FDE /* ZXSegmentedControl.m */; };
		9E5458461DDD7BF8002CA99D /* main.m in Sources */ = {isa = PBXBuildFile; fileRef = 9E5458451DDD7BF8002CA99D /* main.m */; };
		9E5458491DDD7BF8002CA99D /* AppDelegate.m in Sources */ = {isa = PBXBuildFile; fileRef = 9E5458481DDD7BF8002CA99D /* AppDelegate.m */; };
		9E54584C1DDD7BF8002CA99D /* ViewController.m in Sources */ = {isa = PBXBuildFile; fileRef = 9E54584B1DDD7BF8002CA99D /* ViewController.m */; };
		9E54584F1DDD7BF8002CA99D /* Main.storyboard in Resources */ = {isa = PBXBuildFile; fileRef = 9E54584D1DDD7BF8002CA99D /* Main.storyboard */; };
		9E5458511DDD7BF8002CA99D /* Assets.xcassets in Resources */ = {isa = PBXBuildFile; fileRef = 9E5458501DDD7BF8002CA99D /* Assets.xcassets */; };
		9E5458541DDD7BF8002CA99D /* LaunchScreen.storyboard in Resources */ = {isa = PBXBuildFile; fileRef = 9E5458521DDD7BF8002CA99D /* LaunchScreen.storyboard */; };
		9E54587D1DDD8408002CA99D /* ThreeViewController.m in Sources */ = {isa = PBXBuildFile; fileRef = 9E5458761DDD8408002CA99D /* ThreeViewController.m */; };
		9E54587E1DDD8408002CA99D /* TwoViewController.m in Sources */ = {isa = PBXBuildFile; fileRef = 9E5458791DDD8408002CA99D /* TwoViewController.m */; };
		9E54587F1DDD8408002CA99D /* OneViewController.m in Sources */ = {isa = PBXBuildFile; fileRef = 9E54587C1DDD8408002CA99D /* OneViewController.m */; };
		9E54588A1DDD8440002CA99D /* BaseViewController.m in Sources */ = {isa = PBXBuildFile; fileRef = 9E5458821DDD843F002CA99D /* BaseViewController.m */; };
		9E54588B1DDD8440002CA99D /* CustomNaviController.m in Sources */ = {isa = PBXBuildFile; fileRef = 9E5458851DDD8440002CA99D /* CustomNaviController.m */; };
		9E54588C1DDD8440002CA99D /* CustomTabBar.m in Sources */ = {isa = PBXBuildFile; fileRef = 9E5458871DDD8440002CA99D /* CustomTabBar.m */; };
		9E54588D1DDD8440002CA99D /* CustomTabBarController.m in Sources */ = {isa = PBXBuildFile; fileRef = 9E5458891DDD8440002CA99D /* CustomTabBarController.m */; };
		9E5458D41DDD96E4002CA99D /* TestModel.m in Sources */ = {isa = PBXBuildFile; fileRef = 9E5458D31DDD96E4002CA99D /* TestModel.m */; };
		9EFAD5F11DFAA1B9009C2324 /* OneHeadView.m in Sources */ = {isa = PBXBuildFile; fileRef = 9EFAD5F01DFAA1B9009C2324 /* OneHeadView.m */; };
		9EFAD6061DFAB2D6009C2324 /* NSDate+CH.m in Sources */ = {isa = PBXBuildFile; fileRef = 9EFAD5F91DFAB2D6009C2324 /* NSDate+CH.m */; };
		9EFAD6071DFAB2D6009C2324 /* NSString+Common.m in Sources */ = {isa = PBXBuildFile; fileRef = 9EFAD5FB1DFAB2D6009C2324 /* NSString+Common.m */; };
		9EFAD6081DFAB2D6009C2324 /* UIButton+Extension.m in Sources */ = {isa = PBXBuildFile; fileRef = 9EFAD5FD1DFAB2D6009C2324 /* UIButton+Extension.m */; };
		9EFAD6091DFAB2D6009C2324 /* UIButton+Response.m in Sources */ = {isa = PBXBuildFile; fileRef = 9EFAD5FF1DFAB2D6009C2324 /* UIButton+Response.m */; };
		9EFAD60A1DFAB2D6009C2324 /* UIResponder+FirstResponder.m in Sources */ = {isa = PBXBuildFile; fileRef = 9EFAD6011DFAB2D6009C2324 /* UIResponder+FirstResponder.m */; };
		9EFAD60B1DFAB2D6009C2324 /* UIView+Common.m in Sources */ = {isa = PBXBuildFile; fileRef = 9EFAD6031DFAB2D6009C2324 /* UIView+Common.m */; };
		9EFAD60C1DFAB2D6009C2324 /* UIView+Frame.m in Sources */ = {isa = PBXBuildFile; fileRef = 9EFAD6051DFAB2D6009C2324 /* UIView+Frame.m */; };
		F8DA35112D083BE0C307F588 /* libPods-ZXProject.a in Frameworks */ = {isa = PBXBuildFile; fileRef = 4D918681604A15EE2101F31A /* libPods-ZXProject.a */; };
/* End PBXBuildFile section */

/* Begin PBXFileReference section */
		0C7AF1B03E3B58B642798022 /* Pods-ZXProject.debug.xcconfig */ = {isa = PBXFileReference; includeInIndex = 1; lastKnownFileType = text.xcconfig; name = "Pods-ZXProject.debug.xcconfig"; path = "Pods/Target Support Files/Pods-ZXProject/Pods-ZXProject.debug.xcconfig"; sourceTree = "<group>"; };
		4D918681604A15EE2101F31A /* libPods-ZXProject.a */ = {isa = PBXFileReference; explicitFileType = archive.ar; includeInIndex = 0; path = "libPods-ZXProject.a"; sourceTree = BUILT_PRODUCTS_DIR; };
		9E16A5FD1DEED11E00D09DDD /* BaseTableViewController.h */ = {isa = PBXFileReference; fileEncoding = 4; lastKnownFileType = sourcecode.c.h; path = BaseTableViewController.h; sourceTree = "<group>"; };
		9E16A5FE1DEED11E00D09DDD /* BaseTableViewController.m */ = {isa = PBXFileReference; fileEncoding = 4; lastKnownFileType = sourcecode.c.objc; path = BaseTableViewController.m; sourceTree = "<group>"; };
		9E319C2C1DFE707100E2CE45 /* OneModifiedEncyclopediaTableViewCell.h */ = {isa = PBXFileReference; fileEncoding = 4; lastKnownFileType = sourcecode.c.h; path = OneModifiedEncyclopediaTableViewCell.h; sourceTree = "<group>"; };
		9E319C2D1DFE707100E2CE45 /* OneModifiedEncyclopediaTableViewCell.m */ = {isa = PBXFileReference; fileEncoding = 4; lastKnownFileType = sourcecode.c.objc; path = OneModifiedEncyclopediaTableViewCell.m; sourceTree = "<group>"; };
		9E319C311DFE74BB00E2CE45 /* HomePageModel.h */ = {isa = PBXFileReference; fileEncoding = 4; lastKnownFileType = sourcecode.c.h; path = HomePageModel.h; sourceTree = "<group>"; };
		9E319C321DFE74BB00E2CE45 /* HomePageModel.m */ = {isa = PBXFileReference; fileEncoding = 4; lastKnownFileType = sourcecode.c.objc; path = HomePageModel.m; sourceTree = "<group>"; };
		9E4CED251DDEEF2600259FDE /* NetworkHelper.h */ = {isa = PBXFileReference; fileEncoding = 4; lastKnownFileType = sourcecode.c.h; path = NetworkHelper.h; sourceTree = "<group>"; };
		9E4CED261DDEEF2600259FDE /* NetworkHelper.m */ = {isa = PBXFileReference; fileEncoding = 4; lastKnownFileType = sourcecode.c.objc; path = NetworkHelper.m; sourceTree = "<group>"; };
		9E4CED281DDEEFD100259FDE /* GlobalURL.h */ = {isa = PBXFileReference; lastKnownFileType = sourcecode.c.h; path = GlobalURL.h; sourceTree = "<group>"; };
		9E4CED2A1DDEF73E00259FDE /* ZXTools.h */ = {isa = PBXFileReference; fileEncoding = 4; lastKnownFileType = sourcecode.c.h; path = ZXTools.h; sourceTree = "<group>"; };
		9E4CED2B1DDEF73E00259FDE /* ZXTools.m */ = {isa = PBXFileReference; fileEncoding = 4; lastKnownFileType = sourcecode.c.objc; path = ZXTools.m; sourceTree = "<group>"; };
		9E4CED2D1DDEF7CA00259FDE /* ZXScrollView.h */ = {isa = PBXFileReference; fileEncoding = 4; lastKnownFileType = sourcecode.c.h; path = ZXScrollView.h; sourceTree = "<group>"; };
		9E4CED2E1DDEF7CA00259FDE /* ZXScrollView.m */ = {isa = PBXFileReference; fileEncoding = 4; lastKnownFileType = sourcecode.c.objc; path = ZXScrollView.m; sourceTree = "<group>"; };
		9E4CED301DDEF7EA00259FDE /* ZXTableView.h */ = {isa = PBXFileReference; fileEncoding = 4; lastKnownFileType = sourcecode.c.h; path = ZXTableView.h; sourceTree = "<group>"; };
		9E4CED311DDEF7EA00259FDE /* ZXTableView.m */ = {isa = PBXFileReference; fileEncoding = 4; lastKnownFileType = sourcecode.c.objc; path = ZXTableView.m; sourceTree = "<group>"; };
		9E4CED331DDEF82300259FDE /* ZXSegmentedControl.h */ = {isa = PBXFileReference; fileEncoding = 4; lastKnownFileType = sourcecode.c.h; path = ZXSegmentedControl.h; sourceTree = "<group>"; };
		9E4CED341DDEF82300259FDE /* ZXSegmentedControl.m */ = {isa = PBXFileReference; fileEncoding = 4; lastKnownFileType = sourcecode.c.objc; path = ZXSegmentedControl.m; sourceTree = "<group>"; };
		9E5458411DDD7BF8002CA99D /* ZXProject.app */ = {isa = PBXFileReference; explicitFileType = wrapper.application; includeInIndex = 0; path = ZXProject.app; sourceTree = BUILT_PRODUCTS_DIR; };
		9E5458451DDD7BF8002CA99D /* main.m */ = {isa = PBXFileReference; lastKnownFileType = sourcecode.c.objc; path = main.m; sourceTree = "<group>"; };
		9E5458471DDD7BF8002CA99D /* AppDelegate.h */ = {isa = PBXFileReference; lastKnownFileType = sourcecode.c.h; path = AppDelegate.h; sourceTree = "<group>"; };
		9E5458481DDD7BF8002CA99D /* AppDelegate.m */ = {isa = PBXFileReference; lastKnownFileType = sourcecode.c.objc; path = AppDelegate.m; sourceTree = "<group>"; };
		9E54584A1DDD7BF8002CA99D /* ViewController.h */ = {isa = PBXFileReference; lastKnownFileType = sourcecode.c.h; path = ViewController.h; sourceTree = "<group>"; };
		9E54584B1DDD7BF8002CA99D /* ViewController.m */ = {isa = PBXFileReference; lastKnownFileType = sourcecode.c.objc; path = ViewController.m; sourceTree = "<group>"; };
		9E54584E1DDD7BF8002CA99D /* Base */ = {isa = PBXFileReference; lastKnownFileType = file.storyboard; name = Base; path = Base.lproj/Main.storyboard; sourceTree = "<group>"; };
		9E5458501DDD7BF8002CA99D /* Assets.xcassets */ = {isa = PBXFileReference; lastKnownFileType = folder.assetcatalog; path = Assets.xcassets; sourceTree = "<group>"; };
		9E5458531DDD7BF8002CA99D /* Base */ = {isa = PBXFileReference; lastKnownFileType = file.storyboard; name = Base; path = Base.lproj/LaunchScreen.storyboard; sourceTree = "<group>"; };
		9E5458551DDD7BF8002CA99D /* Info.plist */ = {isa = PBXFileReference; lastKnownFileType = text.plist.xml; path = Info.plist; sourceTree = "<group>"; };
		9E5458751DDD8408002CA99D /* ThreeViewController.h */ = {isa = PBXFileReference; fileEncoding = 4; lastKnownFileType = sourcecode.c.h; path = ThreeViewController.h; sourceTree = "<group>"; };
		9E5458761DDD8408002CA99D /* ThreeViewController.m */ = {isa = PBXFileReference; fileEncoding = 4; lastKnownFileType = sourcecode.c.objc; path = ThreeViewController.m; sourceTree = "<group>"; };
		9E5458781DDD8408002CA99D /* TwoViewController.h */ = {isa = PBXFileReference; fileEncoding = 4; lastKnownFileType = sourcecode.c.h; path = TwoViewController.h; sourceTree = "<group>"; };
		9E5458791DDD8408002CA99D /* TwoViewController.m */ = {isa = PBXFileReference; fileEncoding = 4; lastKnownFileType = sourcecode.c.objc; path = TwoViewController.m; sourceTree = "<group>"; };
		9E54587B1DDD8408002CA99D /* OneViewController.h */ = {isa = PBXFileReference; fileEncoding = 4; lastKnownFileType = sourcecode.c.h; path = OneViewController.h; sourceTree = "<group>"; };
		9E54587C1DDD8408002CA99D /* OneViewController.m */ = {isa = PBXFileReference; fileEncoding = 4; lastKnownFileType = sourcecode.c.objc; path = OneViewController.m; sourceTree = "<group>"; };
		9E5458811DDD843F002CA99D /* BaseViewController.h */ = {isa = PBXFileReference; fileEncoding = 4; lastKnownFileType = sourcecode.c.h; path = BaseViewController.h; sourceTree = "<group>"; };
		9E5458821DDD843F002CA99D /* BaseViewController.m */ = {isa = PBXFileReference; fileEncoding = 4; lastKnownFileType = sourcecode.c.objc; path = BaseViewController.m; sourceTree = "<group>"; };
		9E5458831DDD843F002CA99D /* CommonHeader.h */ = {isa = PBXFileReference; fileEncoding = 4; lastKnownFileType = sourcecode.c.h; path = CommonHeader.h; sourceTree = "<group>"; };
		9E5458841DDD843F002CA99D /* CustomNaviController.h */ = {isa = PBXFileReference; fileEncoding = 4; lastKnownFileType = sourcecode.c.h; path = CustomNaviController.h; sourceTree = "<group>"; };
		9E5458851DDD8440002CA99D /* CustomNaviController.m */ = {isa = PBXFileReference; fileEncoding = 4; lastKnownFileType = sourcecode.c.objc; path = CustomNaviController.m; sourceTree = "<group>"; };
		9E5458861DDD8440002CA99D /* CustomTabBar.h */ = {isa = PBXFileReference; fileEncoding = 4; lastKnownFileType = sourcecode.c.h; path = CustomTabBar.h; sourceTree = "<group>"; };
		9E5458871DDD8440002CA99D /* CustomTabBar.m */ = {isa = PBXFileReference; fileEncoding = 4; lastKnownFileType = sourcecode.c.objc; path = CustomTabBar.m; sourceTree = "<group>"; };
		9E5458881DDD8440002CA99D /* CustomTabBarController.h */ = {isa = PBXFileReference; fileEncoding = 4; lastKnownFileType = sourcecode.c.h; path = CustomTabBarController.h; sourceTree = "<group>"; };
		9E5458891DDD8440002CA99D /* CustomTabBarController.m */ = {isa = PBXFileReference; fileEncoding = 4; lastKnownFileType = sourcecode.c.objc; path = CustomTabBarController.m; sourceTree = "<group>"; };
		9E5458D21DDD96E4002CA99D /* TestModel.h */ = {isa = PBXFileReference; fileEncoding = 4; lastKnownFileType = sourcecode.c.h; path = TestModel.h; sourceTree = "<group>"; };
		9E5458D31DDD96E4002CA99D /* TestModel.m */ = {isa = PBXFileReference; fileEncoding = 4; lastKnownFileType = sourcecode.c.objc; path = TestModel.m; sourceTree = "<group>"; };
		9EFAD5EF1DFAA1B9009C2324 /* OneHeadView.h */ = {isa = PBXFileReference; fileEncoding = 4; lastKnownFileType = sourcecode.c.h; path = OneHeadView.h; sourceTree = "<group>"; };
		9EFAD5F01DFAA1B9009C2324 /* OneHeadView.m */ = {isa = PBXFileReference; fileEncoding = 4; lastKnownFileType = sourcecode.c.objc; path = OneHeadView.m; sourceTree = "<group>"; };
		9EFAD5F81DFAB2D6009C2324 /* NSDate+CH.h */ = {isa = PBXFileReference; fileEncoding = 4; lastKnownFileType = sourcecode.c.h; path = "NSDate+CH.h"; sourceTree = "<group>"; };
		9EFAD5F91DFAB2D6009C2324 /* NSDate+CH.m */ = {isa = PBXFileReference; fileEncoding = 4; lastKnownFileType = sourcecode.c.objc; path = "NSDate+CH.m"; sourceTree = "<group>"; };
		9EFAD5FA1DFAB2D6009C2324 /* NSString+Common.h */ = {isa = PBXFileReference; fileEncoding = 4; lastKnownFileType = sourcecode.c.h; path = "NSString+Common.h"; sourceTree = "<group>"; };
		9EFAD5FB1DFAB2D6009C2324 /* NSString+Common.m */ = {isa = PBXFileReference; fileEncoding = 4; lastKnownFileType = sourcecode.c.objc; path = "NSString+Common.m"; sourceTree = "<group>"; };
		9EFAD5FC1DFAB2D6009C2324 /* UIButton+Extension.h */ = {isa = PBXFileReference; fileEncoding = 4; lastKnownFileType = sourcecode.c.h; path = "UIButton+Extension.h"; sourceTree = "<group>"; };
		9EFAD5FD1DFAB2D6009C2324 /* UIButton+Extension.m */ = {isa = PBXFileReference; fileEncoding = 4; lastKnownFileType = sourcecode.c.objc; path = "UIButton+Extension.m"; sourceTree = "<group>"; };
		9EFAD5FE1DFAB2D6009C2324 /* UIButton+Response.h */ = {isa = PBXFileReference; fileEncoding = 4; lastKnownFileType = sourcecode.c.h; path = "UIButton+Response.h"; sourceTree = "<group>"; };
		9EFAD5FF1DFAB2D6009C2324 /* UIButton+Response.m */ = {isa = PBXFileReference; fileEncoding = 4; lastKnownFileType = sourcecode.c.objc; path = "UIButton+Response.m"; sourceTree = "<group>"; };
		9EFAD6001DFAB2D6009C2324 /* UIResponder+FirstResponder.h */ = {isa = PBXFileReference; fileEncoding = 4; lastKnownFileType = sourcecode.c.h; path = "UIResponder+FirstResponder.h"; sourceTree = "<group>"; };
		9EFAD6011DFAB2D6009C2324 /* UIResponder+FirstResponder.m */ = {isa = PBXFileReference; fileEncoding = 4; lastKnownFileType = sourcecode.c.objc; path = "UIResponder+FirstResponder.m"; sourceTree = "<group>"; };
		9EFAD6021DFAB2D6009C2324 /* UIView+Common.h */ = {isa = PBXFileReference; fileEncoding = 4; lastKnownFileType = sourcecode.c.h; path = "UIView+Common.h"; sourceTree = "<group>"; };
		9EFAD6031DFAB2D6009C2324 /* UIView+Common.m */ = {isa = PBXFileReference; fileEncoding = 4; lastKnownFileType = sourcecode.c.objc; path = "UIView+Common.m"; sourceTree = "<group>"; };
		9EFAD6041DFAB2D6009C2324 /* UIView+Frame.h */ = {isa = PBXFileReference; fileEncoding = 4; lastKnownFileType = sourcecode.c.h; path = "UIView+Frame.h"; sourceTree = "<group>"; };
		9EFAD6051DFAB2D6009C2324 /* UIView+Frame.m */ = {isa = PBXFileReference; fileEncoding = 4; lastKnownFileType = sourcecode.c.objc; path = "UIView+Frame.m"; sourceTree = "<group>"; };
		CE575A49239C8D0151047A64 /* Pods-ZXProject.release.xcconfig */ = {isa = PBXFileReference; includeInIndex = 1; lastKnownFileType = text.xcconfig; name = "Pods-ZXProject.release.xcconfig"; path = "Pods/Target Support Files/Pods-ZXProject/Pods-ZXProject.release.xcconfig"; sourceTree = "<group>"; };
/* End PBXFileReference section */

/* Begin PBXFrameworksBuildPhase section */
		9E54583E1DDD7BF7002CA99D /* Frameworks */ = {
			isa = PBXFrameworksBuildPhase;
			buildActionMask = 2147483647;
			files = (
				F8DA35112D083BE0C307F588 /* libPods-ZXProject.a in Frameworks */,
			);
			runOnlyForDeploymentPostprocessing = 0;
		};
/* End PBXFrameworksBuildPhase section */

/* Begin PBXGroup section */
		90B42522AC9F69F3B84DAFD7 /* Pods */ = {
			isa = PBXGroup;
			children = (
				0C7AF1B03E3B58B642798022 /* Pods-ZXProject.debug.xcconfig */,
				CE575A49239C8D0151047A64 /* Pods-ZXProject.release.xcconfig */,
			);
			name = Pods;
			sourceTree = "<group>";
		};
		9E319C301DFE740C00E2CE45 /* Model */ = {
			isa = PBXGroup;
			children = (
				9E319C311DFE74BB00E2CE45 /* HomePageModel.h */,
				9E319C321DFE74BB00E2CE45 /* HomePageModel.m */,
			);
			path = Model;
			sourceTree = "<group>";
		};
		9E4CED211DDEEEEE00259FDE /* Network */ = {
			isa = PBXGroup;
			children = (
				9E4CED281DDEEFD100259FDE /* GlobalURL.h */,
				9E4CED251DDEEF2600259FDE /* NetworkHelper.h */,
				9E4CED261DDEEF2600259FDE /* NetworkHelper.m */,
			);
			path = Network;
			sourceTree = "<group>";
		};
		9E4CED291DDEF73000259FDE /* ZXTools */ = {
			isa = PBXGroup;
			children = (
				9E8232EC1DE2941100BAE227 /* EXtension-Tools */,
				9E4CED2A1DDEF73E00259FDE /* ZXTools.h */,
				9E4CED2B1DDEF73E00259FDE /* ZXTools.m */,
				9E4CED2D1DDEF7CA00259FDE /* ZXScrollView.h */,
				9E4CED2E1DDEF7CA00259FDE /* ZXScrollView.m */,
				9E4CED301DDEF7EA00259FDE /* ZXTableView.h */,
				9E4CED311DDEF7EA00259FDE /* ZXTableView.m */,
				9E4CED331DDEF82300259FDE /* ZXSegmentedControl.h */,
				9E4CED341DDEF82300259FDE /* ZXSegmentedControl.m */,
			);
			path = ZXTools;
			sourceTree = "<group>";
		};
		9E5458381DDD7BF7002CA99D = {
			isa = PBXGroup;
			children = (
				9E5458431DDD7BF8002CA99D /* ZXProject */,
				9E5458421DDD7BF8002CA99D /* Products */,
				90B42522AC9F69F3B84DAFD7 /* Pods */,
				C16655E76E76DA3E4D544957 /* Frameworks */,
			);
			sourceTree = "<group>";
		};
		9E5458421DDD7BF8002CA99D /* Products */ = {
			isa = PBXGroup;
			children = (
				9E5458411DDD7BF8002CA99D /* ZXProject.app */,
			);
			name = Products;
			sourceTree = "<group>";
		};
		9E5458431DDD7BF8002CA99D /* ZXProject */ = {
			isa = PBXGroup;
			children = (
				9E4CED291DDEF73000259FDE /* ZXTools */,
				9E4CED211DDEEEEE00259FDE /* Network */,
				9E5458D11DDD96E4002CA99D /* Model */,
				9E5458901DDD95F6002CA99D /* LibThree */,
				9E5458801DDD843F002CA99D /* Base */,
				9E5458741DDD8408002CA99D /* Three */,
				9E5458771DDD8408002CA99D /* Two */,
				9E54587A1DDD8408002CA99D /* One */,
				9E5458441DDD7BF8002CA99D /* Supporting Files */,
			);
			path = ZXProject;
			sourceTree = "<group>";
		};
		9E5458441DDD7BF8002CA99D /* Supporting Files */ = {
			isa = PBXGroup;
			children = (
				9E54584A1DDD7BF8002CA99D /* ViewController.h */,
				9E54584B1DDD7BF8002CA99D /* ViewController.m */,
				9E54584D1DDD7BF8002CA99D /* Main.storyboard */,
				9E5458501DDD7BF8002CA99D /* Assets.xcassets */,
				9E5458521DDD7BF8002CA99D /* LaunchScreen.storyboard */,
				9E5458551DDD7BF8002CA99D /* Info.plist */,
				9E5458471DDD7BF8002CA99D /* AppDelegate.h */,
				9E5458481DDD7BF8002CA99D /* AppDelegate.m */,
				9E5458451DDD7BF8002CA99D /* main.m */,
			);
			name = "Supporting Files";
			sourceTree = "<group>";
		};
		9E5458741DDD8408002CA99D /* Three */ = {
			isa = PBXGroup;
			children = (
				9E5458751DDD8408002CA99D /* ThreeViewController.h */,
				9E5458761DDD8408002CA99D /* ThreeViewController.m */,
			);
			path = Three;
			sourceTree = "<group>";
		};
		9E5458771DDD8408002CA99D /* Two */ = {
			isa = PBXGroup;
			children = (
				9E5458781DDD8408002CA99D /* TwoViewController.h */,
				9E5458791DDD8408002CA99D /* TwoViewController.m */,
			);
			path = Two;
			sourceTree = "<group>";
		};
		9E54587A1DDD8408002CA99D /* One */ = {
			isa = PBXGroup;
			children = (
				9E319C301DFE740C00E2CE45 /* Model */,
				9EFAD5EE1DFAA114009C2324 /* View */,
				9E54587B1DDD8408002CA99D /* OneViewController.h */,
				9E54587C1DDD8408002CA99D /* OneViewController.m */,
			);
			path = One;
			sourceTree = "<group>";
		};
		9E5458801DDD843F002CA99D /* Base */ = {
			isa = PBXGroup;
			children = (
				9E5458831DDD843F002CA99D /* CommonHeader.h */,
				9E5458811DDD843F002CA99D /* BaseViewController.h */,
				9E5458821DDD843F002CA99D /* BaseViewController.m */,
				9E16A5FD1DEED11E00D09DDD /* BaseTableViewController.h */,
				9E16A5FE1DEED11E00D09DDD /* BaseTableViewController.m */,
				9E5458881DDD8440002CA99D /* CustomTabBarController.h */,
				9E5458891DDD8440002CA99D /* CustomTabBarController.m */,
				9E5458841DDD843F002CA99D /* CustomNaviController.h */,
				9E5458851DDD8440002CA99D /* CustomNaviController.m */,
				9E5458861DDD8440002CA99D /* CustomTabBar.h */,
				9E5458871DDD8440002CA99D /* CustomTabBar.m */,
			);
			path = Base;
			sourceTree = "<group>";
		};
		9E5458901DDD95F6002CA99D /* LibThree */ = {
			isa = PBXGroup;
			children = (
			);
			path = LibThree;
			sourceTree = "<group>";
		};
		9E5458D11DDD96E4002CA99D /* Model */ = {
			isa = PBXGroup;
			children = (
				9E5458D21DDD96E4002CA99D /* TestModel.h */,
				9E5458D31DDD96E4002CA99D /* TestModel.m */,
			);
			path = Model;
			sourceTree = "<group>";
		};
		9E8232EC1DE2941100BAE227 /* EXtension-Tools */ = {
			isa = PBXGroup;
			children = (
				9EFAD5F81DFAB2D6009C2324 /* NSDate+CH.h */,
				9EFAD5F91DFAB2D6009C2324 /* NSDate+CH.m */,
				9EFAD5FA1DFAB2D6009C2324 /* NSString+Common.h */,
				9EFAD5FB1DFAB2D6009C2324 /* NSString+Common.m */,
				9EFAD5FC1DFAB2D6009C2324 /* UIButton+Extension.h */,
				9EFAD5FD1DFAB2D6009C2324 /* UIButton+Extension.m */,
				9EFAD5FE1DFAB2D6009C2324 /* UIButton+Response.h */,
				9EFAD5FF1DFAB2D6009C2324 /* UIButton+Response.m */,
				9EFAD6001DFAB2D6009C2324 /* UIResponder+FirstResponder.h */,
				9EFAD6011DFAB2D6009C2324 /* UIResponder+FirstResponder.m */,
				9EFAD6021DFAB2D6009C2324 /* UIView+Common.h */,
				9EFAD6031DFAB2D6009C2324 /* UIView+Common.m */,
				9EFAD6041DFAB2D6009C2324 /* UIView+Frame.h */,
				9EFAD6051DFAB2D6009C2324 /* UIView+Frame.m */,
			);
			path = "EXtension-Tools";
			sourceTree = "<group>";
		};
		9EFAD5EE1DFAA114009C2324 /* View */ = {
			isa = PBXGroup;
			children = (
				9EFAD5EF1DFAA1B9009C2324 /* OneHeadView.h */,
				9EFAD5F01DFAA1B9009C2324 /* OneHeadView.m */,
				9E319C2C1DFE707100E2CE45 /* OneModifiedEncyclopediaTableViewCell.h */,
				9E319C2D1DFE707100E2CE45 /* OneModifiedEncyclopediaTableViewCell.m */,
			);
			path = View;
			sourceTree = "<group>";
		};
		C16655E76E76DA3E4D544957 /* Frameworks */ = {
			isa = PBXGroup;
			children = (
				4D918681604A15EE2101F31A /* libPods-ZXProject.a */,
			);
			name = Frameworks;
			sourceTree = "<group>";
		};
/* End PBXGroup section */

/* Begin PBXNativeTarget section */
		9E5458401DDD7BF7002CA99D /* ZXProject */ = {
			isa = PBXNativeTarget;
			buildConfigurationList = 9E5458581DDD7BF8002CA99D /* Build configuration list for PBXNativeTarget "ZXProject" */;
			buildPhases = (
				4D1B455F09CDD0C14DB101FC /* [CP] Check Pods Manifest.lock */,
				9E54583D1DDD7BF7002CA99D /* Sources */,
				9E54583E1DDD7BF7002CA99D /* Frameworks */,
				9E54583F1DDD7BF7002CA99D /* Resources */,
				98BC26569CEF54357EEC7095 /* [CP] Embed Pods Frameworks */,
				C2B7F893A7D89460F3364784 /* [CP] Copy Pods Resources */,
			);
			buildRules = (
			);
			dependencies = (
			);
			name = ZXProject;
			productName = ZXProject;
			productReference = 9E5458411DDD7BF8002CA99D /* ZXProject.app */;
			productType = "com.apple.product-type.application";
		};
/* End PBXNativeTarget section */

/* Begin PBXProject section */
		9E5458391DDD7BF7002CA99D /* Project object */ = {
			isa = PBXProject;
			attributes = {
				LastUpgradeCheck = 0810;
				ORGANIZATIONNAME = Mr.X;
				TargetAttributes = {
					9E5458401DDD7BF7002CA99D = {
						CreatedOnToolsVersion = 8.1;
						DevelopmentTeam = WHDCQEEMGG;
						ProvisioningStyle = Automatic;
					};
				};
			};
			buildConfigurationList = 9E54583C1DDD7BF7002CA99D /* Build configuration list for PBXProject "ZXProject" */;
			compatibilityVersion = "Xcode 3.2";
			developmentRegion = English;
			hasScannedForEncodings = 0;
			knownRegions = (
				en,
				Base,
			);
			mainGroup = 9E5458381DDD7BF7002CA99D;
			productRefGroup = 9E5458421DDD7BF8002CA99D /* Products */;
			projectDirPath = "";
			projectRoot = "";
			targets = (
				9E5458401DDD7BF7002CA99D /* ZXProject */,
			);
		};
/* End PBXProject section */

/* Begin PBXResourcesBuildPhase section */
		9E54583F1DDD7BF7002CA99D /* Resources */ = {
			isa = PBXResourcesBuildPhase;
			buildActionMask = 2147483647;
			files = (
				9E5458541DDD7BF8002CA99D /* LaunchScreen.storyboard in Resources */,
				9E5458511DDD7BF8002CA99D /* Assets.xcassets in Resources */,
				9E54584F1DDD7BF8002CA99D /* Main.storyboard in Resources */,
			);
			runOnlyForDeploymentPostprocessing = 0;
		};
/* End PBXResourcesBuildPhase section */

/* Begin PBXShellScriptBuildPhase section */
		4D1B455F09CDD0C14DB101FC /* [CP] Check Pods Manifest.lock */ = {
			isa = PBXShellScriptBuildPhase;
			buildActionMask = 2147483647;
			files = (
			);
			inputPaths = (
			);
			name = "[CP] Check Pods Manifest.lock";
			outputPaths = (
			);
			runOnlyForDeploymentPostprocessing = 0;
			shellPath = /bin/sh;
			shellScript = "diff \"${PODS_ROOT}/../Podfile.lock\" \"${PODS_ROOT}/Manifest.lock\" > /dev/null\nif [ $? != 0 ] ; then\n    # print error to STDERR\n    echo \"error: The sandbox is not in sync with the Podfile.lock. Run 'pod install' or update your CocoaPods installation.\" >&2\n    exit 1\nfi\n";
			showEnvVarsInLog = 0;
		};
		98BC26569CEF54357EEC7095 /* [CP] Embed Pods Frameworks */ = {
			isa = PBXShellScriptBuildPhase;
			buildActionMask = 2147483647;
			files = (
			);
			inputPaths = (
			);
			name = "[CP] Embed Pods Frameworks";
			outputPaths = (
			);
			runOnlyForDeploymentPostprocessing = 0;
			shellPath = /bin/sh;
			shellScript = "\"${SRCROOT}/Pods/Target Support Files/Pods-ZXProject/Pods-ZXProject-frameworks.sh\"\n";
			showEnvVarsInLog = 0;
		};
		C2B7F893A7D89460F3364784 /* [CP] Copy Pods Resources */ = {
			isa = PBXShellScriptBuildPhase;
			buildActionMask = 2147483647;
			files = (
			);
			inputPaths = (
			);
			name = "[CP] Copy Pods Resources";
			outputPaths = (
			);
			runOnlyForDeploymentPostprocessing = 0;
			shellPath = /bin/sh;
			shellScript = "\"${SRCROOT}/Pods/Target Support Files/Pods-ZXProject/Pods-ZXProject-resources.sh\"\n";
			showEnvVarsInLog = 0;
		};
/* End PBXShellScriptBuildPhase section */

/* Begin PBXSourcesBuildPhase section */
		9E54583D1DDD7BF7002CA99D /* Sources */ = {
			isa = PBXSourcesBuildPhase;
			buildActionMask = 2147483647;
			files = (
				9E4CED351DDEF82300259FDE /* ZXSegmentedControl.m in Sources */,
				9E54587F1DDD8408002CA99D /* OneViewController.m in Sources */,
				9E54584C1DDD7BF8002CA99D /* ViewController.m in Sources */,
				9E319C2E1DFE707100E2CE45 /* OneModifiedEncyclopediaTableViewCell.m in Sources */,
				9EFAD6061DFAB2D6009C2324 /* NSDate+CH.m in Sources */,
				9EFAD6091DFAB2D6009C2324 /* UIButton+Response.m in Sources */,
				9EFAD6071DFAB2D6009C2324 /* NSString+Common.m in Sources */,
				9E5458491DDD7BF8002CA99D /* AppDelegate.m in Sources */,
				9EFAD60B1DFAB2D6009C2324 /* UIView+Common.m in Sources */,
				9EFAD60C1DFAB2D6009C2324 /* UIView+Frame.m in Sources */,
				9E54587E1DDD8408002CA99D /* TwoViewController.m in Sources */,
				9E5458461DDD7BF8002CA99D /* main.m in Sources */,
				9E16A5FF1DEED11E00D09DDD /* BaseTableViewController.m in Sources */,
				9E319C331DFE74BB00E2CE45 /* HomePageModel.m in Sources */,
				9E54588C1DDD8440002CA99D /* CustomTabBar.m in Sources */,
				9E54588A1DDD8440002CA99D /* BaseViewController.m in Sources */,
				9E54588B1DDD8440002CA99D /* CustomNaviController.m in Sources */,
				9EFAD5F11DFAA1B9009C2324 /* OneHeadView.m in Sources */,
				9E5458D41DDD96E4002CA99D /* TestModel.m in Sources */,
				9E4CED2C1DDEF73E00259FDE /* ZXTools.m in Sources */,
				9E54588D1DDD8440002CA99D /* CustomTabBarController.m in Sources */,
				9EFAD6081DFAB2D6009C2324 /* UIButton+Extension.m in Sources */,
				9E54587D1DDD8408002CA99D /* ThreeViewController.m in Sources */,
				9EFAD60A1DFAB2D6009C2324 /* UIResponder+FirstResponder.m in Sources */,
				9E4CED271DDEEF2600259FDE /* NetworkHelper.m in Sources */,
				9E4CED2F1DDEF7CA00259FDE /* ZXScrollView.m in Sources */,
				9E4CED321DDEF7EA00259FDE /* ZXTableView.m in Sources */,
			);
			runOnlyForDeploymentPostprocessing = 0;
		};
/* End PBXSourcesBuildPhase section */

/* Begin PBXVariantGroup section */
		9E54584D1DDD7BF8002CA99D /* Main.storyboard */ = {
			isa = PBXVariantGroup;
			children = (
				9E54584E1DDD7BF8002CA99D /* Base */,
			);
			name = Main.storyboard;
			sourceTree = "<group>";
		};
		9E5458521DDD7BF8002CA99D /* LaunchScreen.storyboard */ = {
			isa = PBXVariantGroup;
			children = (
				9E5458531DDD7BF8002CA99D /* Base */,
			);
			name = LaunchScreen.storyboard;
			sourceTree = "<group>";
		};
/* End PBXVariantGroup section */

/* Begin XCBuildConfiguration section */
		9E5458561DDD7BF8002CA99D /* Debug */ = {
			isa = XCBuildConfiguration;
			buildSettings = {
				ALWAYS_SEARCH_USER_PATHS = NO;
				CLANG_ANALYZER_NONNULL = YES;
				CLANG_CXX_LANGUAGE_STANDARD = "gnu++0x";
				CLANG_CXX_LIBRARY = "libc++";
				CLANG_ENABLE_MODULES = YES;
				CLANG_ENABLE_OBJC_ARC = YES;
				CLANG_WARN_BOOL_CONVERSION = YES;
				CLANG_WARN_CONSTANT_CONVERSION = YES;
				CLANG_WARN_DIRECT_OBJC_ISA_USAGE = YES_ERROR;
				CLANG_WARN_DOCUMENTATION_COMMENTS = YES;
				CLANG_WARN_EMPTY_BODY = YES;
				CLANG_WARN_ENUM_CONVERSION = YES;
				CLANG_WARN_INFINITE_RECURSION = YES;
				CLANG_WARN_INT_CONVERSION = YES;
				CLANG_WARN_OBJC_ROOT_CLASS = YES_ERROR;
				CLANG_WARN_SUSPICIOUS_MOVE = YES;
				CLANG_WARN_SUSPICIOUS_MOVES = YES;
				CLANG_WARN_UNREACHABLE_CODE = YES;
				CLANG_WARN__DUPLICATE_METHOD_MATCH = YES;
				"CODE_SIGN_IDENTITY[sdk=iphoneos*]" = "iPhone Developer";
				COPY_PHASE_STRIP = NO;
				DEBUG_INFORMATION_FORMAT = "dwarf-with-dsym";
				ENABLE_STRICT_OBJC_MSGSEND = YES;
				ENABLE_TESTABILITY = YES;
				GCC_C_LANGUAGE_STANDARD = gnu99;
				GCC_DYNAMIC_NO_PIC = NO;
				GCC_NO_COMMON_BLOCKS = YES;
				GCC_OPTIMIZATION_LEVEL = 0;
				GCC_PREPROCESSOR_DEFINITIONS = (
					"DEBUG=1",
					"$(inherited)",
				);
				GCC_WARN_64_TO_32_BIT_CONVERSION = YES;
				GCC_WARN_ABOUT_RETURN_TYPE = YES_ERROR;
				GCC_WARN_UNDECLARED_SELECTOR = YES;
				GCC_WARN_UNINITIALIZED_AUTOS = YES_AGGRESSIVE;
				GCC_WARN_UNUSED_FUNCTION = YES;
				GCC_WARN_UNUSED_VARIABLE = YES;
				IPHONEOS_DEPLOYMENT_TARGET = 8.0;
				MTL_ENABLE_DEBUG_INFO = YES;
				ONLY_ACTIVE_ARCH = YES;
				SDKROOT = iphoneos;
				TARGETED_DEVICE_FAMILY = "1,2";
			};
			name = Debug;
		};
		9E5458571DDD7BF8002CA99D /* Release */ = {
			isa = XCBuildConfiguration;
			buildSettings = {
				ALWAYS_SEARCH_USER_PATHS = NO;
				CLANG_ANALYZER_NONNULL = YES;
				CLANG_CXX_LANGUAGE_STANDARD = "gnu++0x";
				CLANG_CXX_LIBRARY = "libc++";
				CLANG_ENABLE_MODULES = YES;
				CLANG_ENABLE_OBJC_ARC = YES;
				CLANG_WARN_BOOL_CONVERSION = YES;
				CLANG_WARN_CONSTANT_CONVERSION = YES;
				CLANG_WARN_DIRECT_OBJC_ISA_USAGE = YES_ERROR;
				CLANG_WARN_DOCUMENTATION_COMMENTS = YES;
				CLANG_WARN_EMPTY_BODY = YES;
				CLANG_WARN_ENUM_CONVERSION = YES;
				CLANG_WARN_INFINITE_RECURSION = YES;
				CLANG_WARN_INT_CONVERSION = YES;
				CLANG_WARN_OBJC_ROOT_CLASS = YES_ERROR;
				CLANG_WARN_SUSPICIOUS_MOVE = YES;
				CLANG_WARN_SUSPICIOUS_MOVES = YES;
				CLANG_WARN_UNREACHABLE_CODE = YES;
				CLANG_WARN__DUPLICATE_METHOD_MATCH = YES;
				"CODE_SIGN_IDENTITY[sdk=iphoneos*]" = "iPhone Developer";
				COPY_PHASE_STRIP = NO;
				DEBUG_INFORMATION_FORMAT = "dwarf-with-dsym";
				ENABLE_NS_ASSERTIONS = NO;
				ENABLE_STRICT_OBJC_MSGSEND = YES;
				GCC_C_LANGUAGE_STANDARD = gnu99;
				GCC_NO_COMMON_BLOCKS = YES;
				GCC_WARN_64_TO_32_BIT_CONVERSION = YES;
				GCC_WARN_ABOUT_RETURN_TYPE = YES_ERROR;
				GCC_WARN_UNDECLARED_SELECTOR = YES;
				GCC_WARN_UNINITIALIZED_AUTOS = YES_AGGRESSIVE;
				GCC_WARN_UNUSED_FUNCTION = YES;
				GCC_WARN_UNUSED_VARIABLE = YES;
				IPHONEOS_DEPLOYMENT_TARGET = 8.0;
				MTL_ENABLE_DEBUG_INFO = NO;
				SDKROOT = iphoneos;
				TARGETED_DEVICE_FAMILY = "1,2";
				VALIDATE_PRODUCT = YES;
			};
			name = Release;
		};
		9E5458591DDD7BF8002CA99D /* Debug */ = {
			isa = XCBuildConfiguration;
			baseConfigurationReference = 0C7AF1B03E3B58B642798022 /* Pods-ZXProject.debug.xcconfig */;
			buildSettings = {
				ASSETCATALOG_COMPILER_APPICON_NAME = AppIcon;
				CODE_SIGN_IDENTITY = "iPhone Developer";
				"CODE_SIGN_IDENTITY[sdk=iphoneos*]" = "iPhone Developer";
				DEBUG_INFORMATION_FORMAT = "dwarf-with-dsym";
				DEVELOPMENT_TEAM = WHDCQEEMGG;
				INFOPLIST_FILE = ZXProject/Info.plist;
				IPHONEOS_DEPLOYMENT_TARGET = 8.0;
				LD_RUNPATH_SEARCH_PATHS = "$(inherited) @executable_path/Frameworks";
				PRODUCT_BUNDLE_IDENTIFIER = "com.zhaoxinak-hotmail";
				PRODUCT_NAME = "$(TARGET_NAME)";
				TARGETED_DEVICE_FAMILY = 1;
			};
			name = Debug;
		};
		9E54585A1DDD7BF8002CA99D /* Release */ = {
			isa = XCBuildConfiguration;
			baseConfigurationReference = CE575A49239C8D0151047A64 /* Pods-ZXProject.release.xcconfig */;
			buildSettings = {
				ASSETCATALOG_COMPILER_APPICON_NAME = AppIcon;
				CODE_SIGN_IDENTITY = "iPhone Developer";
				"CODE_SIGN_IDENTITY[sdk=iphoneos*]" = "iPhone Developer";
				DEVELOPMENT_TEAM = WHDCQEEMGG;
				INFOPLIST_FILE = ZXProject/Info.plist;
				IPHONEOS_DEPLOYMENT_TARGET = 8.0;
				LD_RUNPATH_SEARCH_PATHS = "$(inherited) @executable_path/Frameworks";
				PRODUCT_BUNDLE_IDENTIFIER = "com.zhaoxinak-hotmail";
				PRODUCT_NAME = "$(TARGET_NAME)";
				TARGETED_DEVICE_FAMILY = 1;
			};
			name = Release;
		};
/* End XCBuildConfiguration section */

/* Begin XCConfigurationList section */
		9E54583C1DDD7BF7002CA99D /* Build configuration list for PBXProject "ZXProject" */ = {
			isa = XCConfigurationList;
			buildConfigurations = (
				9E5458561DDD7BF8002CA99D /* Debug */,
				9E5458571DDD7BF8002CA99D /* Release */,
			);
			defaultConfigurationIsVisible = 0;
			defaultConfigurationName = Release;
		};
		9E5458581DDD7BF8002CA99D /* Build configuration list for PBXNativeTarget "ZXProject" */ = {
			isa = XCConfigurationList;
			buildConfigurations = (
				9E5458591DDD7BF8002CA99D /* Debug */,
				9E54585A1DDD7BF8002CA99D /* Release */,
			);
			defaultConfigurationIsVisible = 0;
			defaultConfigurationName = Release;
		};
/* End XCConfigurationList section */
	};
	rootObject = 9E5458391DDD7BF7002CA99D /* Project object */;
}
