PODS:
  - AFNetworking (3.1.0):
    - AFNetworking/NSURLSession (= 3.1.0)
    - AFNetworking/Reachability (= 3.1.0)
    - AFNetworking/Security (= 3.1.0)
    - AFNetworking/Serialization (= 3.1.0)
    - AFNetworking/UIKit (= 3.1.0)
  - AFNetworking/NSURLSession (3.1.0):
    - AFNetworking/Reachability
    - AFNetworking/Security
    - AFNetworking/Serialization
  - AFNetworking/Reachability (3.1.0)
  - AFNetworking/Security (3.1.0)
  - AFNetworking/Serialization (3.1.0)
  - AFNetworking/UIKit (3.1.0):
    - AFNetworking/NSURLSession
  - DZNEmptyDataSet (1.8.1)
  - IQKeyboardManager (3.3.7)
  - JSONModel (1.7.0)
  - MBProgressHUD (1.0.0)
  - MJRefresh (3.1.12)
  - SDCycleScrollView (1.65):
    - SDWebImage (~> 3.7)
  - SDWebImage (3.8.2):
    - SDWebImage/Core (= 3.8.2)
  - SDWebImage/Core (3.8.2)
  - TOWebViewController (2.2.6):
    - TOWebViewController/Core (= 2.2.6)
  - TOWebViewController/Core (2.2.6)
  - UMengUShare/Core (6.1):
    - UMengUShare/Network
  - UMengUShare/Network (6.1)
  - UMengUShare/Social/QQ (6.1):
    - UMengUShare/Core
  - UMengUShare/Social/Sina (6.1):
    - UMengUShare/Core
  - UMengUShare/Social/WeChat (6.1):
    - UMengUShare/Core
  - UMengUShare/UI (6.1):
    - UMengUShare/Core
  - YYKit (1.0.9):
    - YYKit/no-arc (= 1.0.9)
  - YYKit/no-arc (1.0.9)
  - ZYQAssetPickerController (1.0.0)

DEPENDENCIES:
  - AFNetworking
  - DZNEmptyDataSet
  - IQKeyboardManager
  - JSONModel
  - MBProgressHUD
  - MJRefresh
  - SDCycleScrollView
  - SDWebImage
  - TOWebViewController
  - UMengUShare/Social/QQ
  - UMengUShare/Social/Sina
  - UMengUShare/Social/WeChat
  - UMengUShare/UI
  - YYKit
  - ZYQAssetPickerController

SPEC CHECKSUMS:
  AFNetworking: 5e0e199f73d8626b11e79750991f5d173d1f8b67
  DZNEmptyDataSet: 9525833b9e68ac21c30253e1d3d7076cc828eaa7
  IQKeyboardManager: 249c3946acf61345c18b038eb50863fe2793e3a8
  JSONModel: 840bc0fcffb24b8454d2c026bf26fea454b8e98d
  MBProgressHUD: 4890f671c94e8a0f3cf959aa731e9de2f036d71a
  MJRefresh: b96cdb21c4aa75a7b07654311ab2f315c497e806
  SDCycleScrollView: f72904c77698a7f93a41bcbbc2d78b073bf7326c
  SDWebImage: 098e97e6176540799c27e804c96653ee0833d13c
  TOWebViewController: a29908019f7e0e0f8eccfab8a1ee8dcdf4fc5aac
  UMengUShare: 6c3902a68a06d01031bed6f426e97b89d4fc504f
  YYKit: 7cda43304a8dc3696c449041e2cb3107b4e236e7
  ZYQAssetPickerController: e5cf51ee6c05fa06746830026c247cb9f6699e84

PODFILE CHECKSUM: dc216efc4bed0df5c3a5e1034cb3cce1fd5d5237

COCOAPODS: 1.1.1
